{
  "nodes": {
    "nixpkgs": {
      "locked": {
        "lastModified": 1740100311,
        "narHash": "sha256-MDE8XCXtldWNtKwg6bdLvyP4gzK8TBc5xeG0j+jqjpY=",
        "owner": "NixOS",
        "repo": "nixpkgs",
        "rev": "8d81223bea413099ce9fcfe54c4b93842e6d7311",
        "type": "github"
      },
      "original": {
        "owner": "NixOS",
        "ref": "nixos-24.11-small",
        "repo": "nixpkgs",
        "type": "github"
      }
    },
    "root": {
      "inputs": {
        "nixpkgs": "nixpkgs"
      }
    }
  },
  "root": "root",
  "version": 7
}
